// !$*UTF8*$!
{
	archiveVersion = 1;
	classes = {
	};
	objectVersion = 46;
	objects = {

/* Begin PBXBuildFile section */
		CED5FCFD1E17613700CDC110 /* AppDelegate.swift in Sources */ = {isa = PBXBuildFile; fileRef = CED5FCFC1E17613700CDC110 /* AppDelegate.swift */; };
		CED5FCFF1E17613700CDC110 /* ViewController.swift in Sources */ = {isa = PBXBuildFile; fileRef = CED5FCFE1E17613700CDC110 /* ViewController.swift */; };
		CED5FD021E17613800CDC110 /* Main.storyboard in Resources */ = {isa = PBXBuildFile; fileRef = CED5FD001E17613800CDC110 /* Main.storyboard */; };
		CED5FD041E17613800CDC110 /* Assets.xcassets in Resources */ = {isa = PBXBuildFile; fileRef = CED5FD031E17613800CDC110 /* Assets.xcassets */; };
		CED5FD071E17613800CDC110 /* LaunchScreen.storyboard in Resources */ = {isa = PBXBuildFile; fileRef = CED5FD051E17613800CDC110 /* LaunchScreen.storyboard */; };
		CED5FD0F1E17614A00CDC110 /* TriangleView.swift in Sources */ = {isa = PBXBuildFile; fileRef = CED5FD0E1E17614A00CDC110 /* TriangleView.swift */; };
/* End PBXBuildFile section */

/* Begin PBXFileReference section */
		CED5FCF91E17613700CDC110 /* TriangleView.app */ = {isa = PBXFileReference; explicitFileType = wrapper.application; includeInIndex = 0; path = TriangleView.app; sourceTree = BUILT_PRODUCTS_DIR; };
		CED5FCFC1E17613700CDC110 /* AppDelegate.swift */ = {isa = PBXFileReference; lastKnownFileType = sourcecode.swift; path = AppDelegate.swift; sourceTree = "<group>"; };
		CED5FCFE1E17613700CDC110 /* ViewController.swift */ = {isa = PBXFileReference; lastKnownFileType = sourcecode.swift; path = ViewController.swift; sourceTree = "<group>"; };
		CED5FD011E17613800CDC110 /* Base */ = {isa = PBXFileReference; lastKnownFileType = file.storyboard; name = Base; path = Base.lproj/Main.storyboard; sourceTree = "<group>"; };
		CED5FD031E17613800CDC110 /* Assets.xcassets */ = {isa = PBXFileReference; lastKnownFileType = folder.assetcatalog; path = Assets.xcassets; sourceTree = "<group>"; };
		CED5FD061E17613800CDC110 /* Base */ = {isa = PBXFileReference; lastKnownFileType = file.storyboard; name = Base; path = Base.lproj/LaunchScreen.storyboard; sourceTree = "<group>"; };
		CED5FD081E17613800CDC110 /* Info.plist */ = {isa = PBXFileReference; lastKnownFileType = text.plist.xml; path = Info.plist; sourceTree = "<group>"; };
		CED5FD0E1E17614A00CDC110 /* TriangleView.swift */ = {isa = PBXFileReference; fileEncoding = 4; lastKnownFileType = sourcecode.swift; path = TriangleView.swift; sourceTree = "<group>"; };
/* End PBXFileReference section */

/* Begin PBXFrameworksBuildPhase section */
		CED5FCF61E17613700CDC110 /* Frameworks */ = {
			isa = PBXFrameworksBuildPhase;
			buildActionMask = 2147483647;
			files = (
			);
			runOnlyForDeploymentPostprocessing = 0;
		};
/* End PBXFrameworksBuildPhase section */

/* Begin PBXGroup section */
		CED5FCF01E17613700CDC110 = {
			isa = PBXGroup;
			children = (
				CED5FCFB1E17613700CDC110 /* TriangleView */,
				CED5FCFA1E17613700CDC110 /* Products */,
			);
			sourceTree = "<group>";
		};
		CED5FCFA1E17613700CDC110 /* Products */ = {
			isa = PBXGroup;
			children = (
				CED5FCF91E17613700CDC110 /* TriangleView.app */,
			);
			name = Products;
			sourceTree = "<group>";
		};
		CED5FCFB1E17613700CDC110 /* TriangleView */ = {
			isa = PBXGroup;
			children = (
				CED5FCFC1E17613700CDC110 /* AppDelegate.swift */,
				CED5FCFE1E17613700CDC110 /* ViewController.swift */,
				CED5FD0E1E17614A00CDC110 /* TriangleView.swift */,
				CED5FD001E17613800CDC110 /* Main.storyboard */,
				CED5FD031E17613800CDC110 /* Assets.xcassets */,
				CED5FD051E17613800CDC110 /* LaunchScreen.storyboard */,
				CED5FD081E17613800CDC110 /* Info.plist */,
			);
			path = TriangleView;
			sourceTree = "<group>";
		};
/* End PBXGroup section */

/* Begin PBXNativeTarget section */
		CED5FCF81E17613700CDC110 /* TriangleView */ = {
			isa = PBXNativeTarget;
			buildConfigurationList = CED5FD0B1E17613800CDC110 /* Build configuration list for PBXNativeTarget "TriangleView" */;
			buildPhases = (
				CED5FCF51E17613700CDC110 /* Sources */,
				CED5FCF61E17613700CDC110 /* Frameworks */,
				CED5FCF71E17613700CDC110 /* Resources */,
			);
			buildRules = (
			);
			dependencies = (
			);
			name = TriangleView;
			productName = TriangleView;
			productReference = CED5FCF91E17613700CDC110 /* TriangleView.app */;
			productType = "com.apple.product-type.application";
		};
/* End PBXNativeTarget section */

/* Begin PBXProject section */
		CED5FCF11E17613700CDC110 /* Project object */ = {
			isa = PBXProject;
			attributes = {
				LastSwiftUpdateCheck = 0820;
				LastUpgradeCheck = 0820;
				ORGANIZATIONNAME = "shoji fujita";
				TargetAttributes = {
					CED5FCF81E17613700CDC110 = {
						CreatedOnToolsVersion = 8.2.1;
						DevelopmentTeam = 2TVHTVBM2Y;
						ProvisioningStyle = Automatic;
					};
				};
			};
			buildConfigurationList = CED5FCF41E17613700CDC110 /* Build configuration list for PBXProject "TriangleView" */;
			compatibilityVersion = "Xcode 3.2";
			developmentRegion = English;
			hasScannedForEncodings = 0;
			knownRegions = (
				en,
				Base,
			);
			mainGroup = CED5FCF01E17613700CDC110;
			productRefGroup = CED5FCFA1E17613700CDC110 /* Products */;
			projectDirPath = "";
			projectRoot = "";
			targets = (
				CED5FCF81E17613700CDC110 /* TriangleView */,
			);
		};
/* End PBXProject section */

/* Begin PBXResourcesBuildPhase section */
		CED5FCF71E17613700CDC110 /* Resources */ = {
			isa = PBXResourcesBuildPhase;
			buildActionMask = 2147483647;
			files = (
				CED5FD071E17613800CDC110 /* LaunchScreen.storyboard in Resources */,
				CED5FD041E17613800CDC110 /* Assets.xcassets in Resources */,
				CED5FD021E17613800CDC110 /* Main.storyboard in Resources */,
			);
			runOnlyForDeploymentPostprocessing = 0;
		};
/* End PBXResourcesBuildPhase section */

/* Begin PBXSourcesBuildPhase section */
		CED5FCF51E17613700CDC110 /* Sources */ = {
			isa = PBXSourcesBuildPhase;
			buildActionMask = 2147483647;
			files = (
				CED5FCFF1E17613700CDC110 /* ViewController.swift in Sources */,
				CED5FD0F1E17614A00CDC110 /* TriangleView.swift in Sources */,
				CED5FCFD1E17613700CDC110 /* AppDelegate.swift in Sources */,
			);
			runOnlyForDeploymentPostprocessing = 0;
		};
/* End PBXSourcesBuildPhase section */

/* Begin PBXVariantGroup section */
		CED5FD001E17613800CDC110 /* Main.storyboard */ = {
			isa = PBXVariantGroup;
			children = (
				CED5FD011E17613800CDC110 /* Base */,
			);
			name = Main.storyboard;
			sourceTree = "<group>";
		};
		CED5FD051E17613800CDC110 /* LaunchScreen.storyboard */ = {
			isa = PBXVariantGroup;
			children = (
				CED5FD061E17613800CDC110 /* Base */,
			);
			name = LaunchScreen.storyboard;
			sourceTree = "<group>";
		};
/* End PBXVariantGroup section */

/* Begin XCBuildConfiguration section */
		CED5FD091E17613800CDC110 /* Debug */ = {
			isa = XCBuildConfiguration;
			buildSettings = {
				ALWAYS_SEARCH_USER_PATHS = NO;
				CLANG_ANALYZER_NONNULL = YES;
				CLANG_CXX_LANGUAGE_STANDARD = "gnu++0x";
				CLANG_CXX_LIBRARY = "libc++";
				CLANG_ENABLE_MODULES = YES;
				CLANG_ENABLE_OBJC_ARC = YES;
				CLANG_WARN_BOOL_CONVERSION = YES;
				CLANG_WARN_CONSTANT_CONVERSION = YES;
				CLANG_WARN_DIRECT_OBJC_ISA_USAGE = YES_ERROR;
				CLANG_WARN_DOCUMENTATION_COMMENTS = YES;
				CLANG_WARN_EMPTY_BODY = YES;
				CLANG_WARN_ENUM_CONVERSION = YES;
				CLANG_WARN_INFINITE_RECURSION = YES;
				CLANG_WARN_INT_CONVERSION = YES;
				CLANG_WARN_OBJC_ROOT_CLASS = YES_ERROR;
				CLANG_WARN_SUSPICIOUS_MOVE = YES;
				CLANG_WARN_UNREACHABLE_CODE = YES;
				CLANG_WARN__DUPLICATE_METHOD_MATCH = YES;
				"CODE_SIGN_IDENTITY[sdk=iphoneos*]" = "iPhone Developer";
				COPY_PHASE_STRIP = NO;
				DEBUG_INFORMATION_FORMAT = dwarf;
				ENABLE_STRICT_OBJC_MSGSEND = YES;
				ENABLE_TESTABILITY = YES;
				GCC_C_LANGUAGE_STANDARD = gnu99;
				GCC_DYNAMIC_NO_PIC = NO;
				GCC_NO_COMMON_BLOCKS = YES;
				GCC_OPTIMIZATION_LEVEL = 0;
				GCC_PREPROCESSOR_DEFINITIONS = (
					"DEBUG=1",
					"$(inherited)",
				);
				GCC_WARN_64_TO_32_BIT_CONVERSION = YES;
				GCC_WARN_ABOUT_RETURN_TYPE = YES_ERROR;
				GCC_WARN_UNDECLARED_SELECTOR = YES;
				GCC_WARN_UNINITIALIZED_AUTOS = YES_AGGRESSIVE;
				GCC_WARN_UNUSED_FUNCTION = YES;
				GCC_WARN_UNUSED_VARIABLE = YES;
				IPHONEOS_DEPLOYMENT_TARGET = 10.2;
				MTL_ENABLE_DEBUG_INFO = YES;
				ONLY_ACTIVE_ARCH = YES;
				SDKROOT = iphoneos;
				SWIFT_ACTIVE_COMPILATION_CONDITIONS = DEBUG;
				SWIFT_OPTIMIZATION_LEVEL = "-Onone";
				TARGETED_DEVICE_FAMILY = "1,2";
			};
			name = Debug;
		};
		CED5FD0A1E17613800CDC110 /* Release */ = {
			isa = XCBuildConfiguration;
			buildSettings = {
				ALWAYS_SEARCH_USER_PATHS = NO;
				CLANG_ANALYZER_NONNULL = YES;
				CLANG_CXX_LANGUAGE_STANDARD = "gnu++0x";
				CLANG_CXX_LIBRARY = "libc++";
				CLANG_ENABLE_MODULES = YES;
				CLANG_ENABLE_OBJC_ARC = YES;
				CLANG_WARN_BOOL_CONVERSION = YES;
				CLANG_WARN_CONSTANT_CONVERSION = YES;
				CLANG_WARN_DIRECT_OBJC_ISA_USAGE = YES_ERROR;
				CLANG_WARN_DOCUMENTATION_COMMENTS = YES;
				CLANG_WARN_EMPTY_BODY = YES;
				CLANG_WARN_ENUM_CONVERSION = YES;
				CLANG_WARN_INFINITE_RECURSION = YES;
				CLANG_WARN_INT_CONVERSION = YES;
				CLANG_WARN_OBJC_ROOT_CLASS = YES_ERROR;
				CLANG_WARN_SUSPICIOUS_MOVE = YES;
				CLANG_WARN_UNREACHABLE_CODE = YES;
				CLANG_WARN__DUPLICATE_METHOD_MATCH = YES;
				"CODE_SIGN_IDENTITY[sdk=iphoneos*]" = "iPhone Developer";
				COPY_PHASE_STRIP = NO;
				DEBUG_INFORMATION_FORMAT = "dwarf-with-dsym";
				ENABLE_NS_ASSERTIONS = NO;
				ENABLE_STRICT_OBJC_MSGSEND = YES;
				GCC_C_LANGUAGE_STANDARD = gnu99;
				GCC_NO_COMMON_BLOCKS = YES;
				GCC_WARN_64_TO_32_BIT_CONVERSION = YES;
				GCC_WARN_ABOUT_RETURN_TYPE = YES_ERROR;
				GCC_WARN_UNDECLARED_SELECTOR = YES;
				GCC_WARN_UNINITIALIZED_AUTOS = YES_AGGRESSIVE;
				GCC_WARN_UNUSED_FUNCTION = YES;
				GCC_WARN_UNUSED_VARIABLE = YES;
				IPHONEOS_DEPLOYMENT_TARGET = 10.2;
				MTL_ENABLE_DEBUG_INFO = NO;
				SDKROOT = iphoneos;
				SWIFT_OPTIMIZATION_LEVEL = "-Owholemodule";
				TARGETED_DEVICE_FAMILY = "1,2";
				VALIDATE_PRODUCT = YES;
			};
			name = Release;
		};
		CED5FD0C1E17613800CDC110 /* Debug */ = {
			isa = XCBuildConfiguration;
			buildSettings = {
				ASSETCATALOG_COMPILER_APPICON_NAME = AppIcon;
				DEVELOPMENT_TEAM = 2TVHTVBM2Y;
				INFOPLIST_FILE = TriangleView/Info.plist;
				LD_RUNPATH_SEARCH_PATHS = "$(inherited) @executable_path/Frameworks";
				PRODUCT_BUNDLE_IDENTIFIER = "com.shoji-fujita.TriangleView";
				PRODUCT_NAME = "$(TARGET_NAME)";
				SWIFT_VERSION = 3.0;
			};
			name = Debug;
		};
		CED5FD0D1E17613800CDC110 /* Release */ = {
			isa = XCBuildConfiguration;
			buildSettings = {
				ASSETCATALOG_COMPILER_APPICON_NAME = AppIcon;
				DEVELOPMENT_TEAM = 2TVHTVBM2Y;
				INFOPLIST_FILE = TriangleView/Info.plist;
				LD_RUNPATH_SEARCH_PATHS = "$(inherited) @executable_path/Frameworks";
				PRODUCT_BUNDLE_IDENTIFIER = "com.shoji-fujita.TriangleView";
				PRODUCT_NAME = "$(TARGET_NAME)";
				SWIFT_VERSION = 3.0;
			};
			name = Release;
		};
/* End XCBuildConfiguration section */

/* Begin XCConfigurationList section */
		CED5FCF41E17613700CDC110 /* Build configuration list for PBXProject "TriangleView" */ = {
			isa = XCConfigurationList;
			buildConfigurations = (
				CED5FD091E17613800CDC110 /* Debug */,
				CED5FD0A1E17613800CDC110 /* Release */,
			);
			defaultConfigurationIsVisible = 0;
			defaultConfigurationName = Release;
		};
		CED5FD0B1E17613800CDC110 /* Build configuration list for PBXNativeTarget "TriangleView" */ = {
			isa = XCConfigurationList;
			buildConfigurations = (
				CED5FD0C1E17613800CDC110 /* Debug */,
				CED5FD0D1E17613800CDC110 /* Release */,
			);
			defaultConfigurationIsVisible = 0;
		};
/* End XCConfigurationList section */
	};
	rootObject = CED5FCF11E17613700CDC110 /* Project object */;
}
